
Microsoft Visual Studio Solution File, Format Version 11.00
# Visual Studio 2010
Project("{8BC9CEB8-8B4A-11D0-8D11-00A0C91BC942}") = "XAFilmingService", "XAFilmingService\XAFilmingService.vcxproj", "{36476964-0868-44FA-B74E-27989D4B5331}"
	ProjectSection(ProjectDependencies) = postProject
		{DB4C8DFB-1369-4600-9720-A7F05FBBF877} = {DB4C8DFB-1369-4600-9720-A7F05FBBF877}
	EndProjectSection
EndProject
Project("{FAE04EC0-301F-11D3-BF4B-00C04F79EFBC}") = "Filming.Proxy", "Filming.Proxy\Filming.Proxy.csproj", "{3F54636A-AFFE-4726-98B4-7A9236BF5B98}"
EndProject
Project("{FAE04EC0-301F-11D3-BF4B-00C04F79EFBC}") = "Filming.Interface", "Filming.Interface\Filming.Interface.csproj", "{56934071-E7D5-4208-BBDA-83A9B03A76FD}"
EndProject
Project("{2150E333-8FDC-42A3-9474-1A3956D46DE8}") = "UT", "UT", "{BD2AAD13-062A-4B66-8966-553136454573}"
EndProject
Project("{8BC9CEB8-8B4A-11D0-8D11-00A0C91BC942}") = "XAFilmingService_UT", "XAFilmingService_UT\XAFilmingService_UT.vcxproj", "{17404E18-404D-4E62-B4DC-00B6982F4041}"
	ProjectSection(ProjectDependencies) = postProject
		{36476964-0868-44FA-B74E-27989D4B5331} = {36476964-0868-44FA-B74E-27989D4B5331}
	EndProjectSection
EndProject
Project("{2150E333-8FDC-42A3-9474-1A3956D46DE8}") = "Locally Run", "Locally Run", "{BE0130F4-BFC6-4C27-B54A-7937580D6048}"
EndProject
Project("{8BC9CEB8-8B4A-11D0-8D11-00A0C91BC942}") = "XAFilmingJobDispatchContainee", "XAFilmingJobDispatchContainee\XAFilmingJobDispatchContainee.vcxproj", "{32990BD2-0916-454A-BF86-C9D5A936E908}"
	ProjectSection(ProjectDependencies) = postProject
		{667FEC7E-6112-420B-B488-1A1A068A40FE} = {667FEC7E-6112-420B-B488-1A1A068A40FE}
		{32AF25BC-6611-4634-AE5F-FA19B8F3AB0B} = {32AF25BC-6611-4634-AE5F-FA19B8F3AB0B}
	EndProjectSection
EndProject
Project("{8BC9CEB8-8B4A-11D0-8D11-00A0C91BC942}") = "XAFilmingCommon", "XAFilmingCommon\XAFilmingCommon.vcxproj", "{DB4C8DFB-1369-4600-9720-A7F05FBBF877}"
EndProject
Project("{8BC9CEB8-8B4A-11D0-8D11-00A0C91BC942}") = "XAFilmingProjectTemplate", "XAFilmingProjectTemplate\XAFilmingProjectTemplate.vcxproj", "{AA20A8BC-AFC4-4A4F-A0C6-60FF7C74327D}"
EndProject
Project("{2150E333-8FDC-42A3-9474-1A3956D46DE8}") = "Template", "Template", "{881A0057-0614-4C43-9C6E-59809B2B356A}"
EndProject
Project("{8BC9CEB8-8B4A-11D0-8D11-00A0C91BC942}") = "XAFilmingWrapper", "XAFilmingWrapper\XAFilmingWrapper.vcxproj", "{240E72CF-3DB4-486B-9BB5-317C7FCC1D1E}"
	ProjectSection(ProjectDependencies) = postProject
		{FEC9A280-D31E-4BF9-8C8A-0A3150B2F9E4} = {FEC9A280-D31E-4BF9-8C8A-0A3150B2F9E4}
		{DB4C8DFB-1369-4600-9720-A7F05FBBF877} = {DB4C8DFB-1369-4600-9720-A7F05FBBF877}
	EndProjectSection
EndProject
Project("{8BC9CEB8-8B4A-11D0-8D11-00A0C91BC942}") = "XAFilmingContaineeTemplate", "XAFilmingContaineeTemplate\XAFilmingContaineeTemplate.vcxproj", "{1DAC3D69-A462-45D5-818B-E3175F401C6F}"
EndProject
Project("{8BC9CEB8-8B4A-11D0-8D11-00A0C91BC942}") = "XAFilmingServiceContainee", "XAFilmingServiceContainee\XAFilmingServiceContainee.vcxproj", "{0051C742-2658-4EAB-9134-AA065AA84963}"
	ProjectSection(ProjectDependencies) = postProject
		{240E72CF-3DB4-486B-9BB5-317C7FCC1D1E} = {240E72CF-3DB4-486B-9BB5-317C7FCC1D1E}
	EndProjectSection
EndProject
Project("{FAE04EC0-301F-11D3-BF4B-00C04F79EFBC}") = "Filming.CommandSenderSimulator", "Filming.CommandSenderSimulator\Filming.CommandSenderSimulator.csproj", "{D0513F12-CA67-4024-9874-123A44B59A6C}"
EndProject
Project("{8BC9CEB8-8B4A-11D0-8D11-00A0C91BC942}") = "UTProjectTemplate", "UTProjectTemplate\UTProjectTemplate.vcxproj", "{ACE2A218-4220-4774-912F-0C43FB6A6B49}"
EndProject
Project("{8BC9CEB8-8B4A-11D0-8D11-00A0C91BC942}") = "XAFilmingCommon_UT", "XAFilmingCommon_UT\XAFilmingCommon_UT.vcxproj", "{002D929B-A8EE-46FF-8679-46BAE5286BD3}"
	ProjectSection(ProjectDependencies) = postProject
		{DB4C8DFB-1369-4600-9720-A7F05FBBF877} = {DB4C8DFB-1369-4600-9720-A7F05FBBF877}
	EndProjectSection
EndProject
Project("{8BC9CEB8-8B4A-11D0-8D11-00A0C91BC942}") = "XAFilmingInterface", "XAFilmingInterface\XAFilmingInterface.vcxproj", "{FEC9A280-D31E-4BF9-8C8A-0A3150B2F9E4}"
	ProjectSection(ProjectDependencies) = postProject
		{DB4C8DFB-1369-4600-9720-A7F05FBBF877} = {DB4C8DFB-1369-4600-9720-A7F05FBBF877}
	EndProjectSection
EndProject
Project("{8BC9CEB8-8B4A-11D0-8D11-00A0C91BC942}") = "XAFilmingJobStatus", "XAFilmingJobStatus\XAFilmingJobStatus.vcxproj", "{07493DE2-DB22-4766-8D5F-AF93B8916BCF}"
	ProjectSection(ProjectDependencies) = postProject
		{FEC9A280-D31E-4BF9-8C8A-0A3150B2F9E4} = {FEC9A280-D31E-4BF9-8C8A-0A3150B2F9E4}
	EndProjectSection
EndProject
Project("{8BC9CEB8-8B4A-11D0-8D11-00A0C91BC942}") = "XAFilmingJobStatus_UT", "XAFilmingJobStatus_UT\XAFilmingJobStatus_UT.vcxproj", "{A1E6AAB8-DF85-41EE-ACB5-CFED9339BC72}"
	ProjectSection(ProjectDependencies) = postProject
		{07493DE2-DB22-4766-8D5F-AF93B8916BCF} = {07493DE2-DB22-4766-8D5F-AF93B8916BCF}
	EndProjectSection
EndProject
Project("{8BC9CEB8-8B4A-11D0-8D11-00A0C91BC942}") = "XAFilmingJob", "XAFilmingJob\XAFilmingJob.vcxproj", "{D08FCA2E-7E4A-4066-8F01-F282C09C5B99}"
	ProjectSection(ProjectDependencies) = postProject
		{FEC9A280-D31E-4BF9-8C8A-0A3150B2F9E4} = {FEC9A280-D31E-4BF9-8C8A-0A3150B2F9E4}
		{07493DE2-DB22-4766-8D5F-AF93B8916BCF} = {07493DE2-DB22-4766-8D5F-AF93B8916BCF}
	EndProjectSection
EndProject
Project("{8BC9CEB8-8B4A-11D0-8D11-00A0C91BC942}") = "XAFilmingJob_UT", "XAFilmingJob_UT\XAFilmingJob_UT.vcxproj", "{D5F3D072-A2DD-4088-B2FF-8A1A8240F095}"
	ProjectSection(ProjectDependencies) = postProject
		{D08FCA2E-7E4A-4066-8F01-F282C09C5B99} = {D08FCA2E-7E4A-4066-8F01-F282C09C5B99}
	EndProjectSection
EndProject
Project("{8BC9CEB8-8B4A-11D0-8D11-00A0C91BC942}") = "XAFilmingJobDispatcher", "XAFilmingJobDispatcher\XAFilmingJobDispatcher.vcxproj", "{667FEC7E-6112-420B-B488-1A1A068A40FE}"
	ProjectSection(ProjectDependencies) = postProject
		{FEC9A280-D31E-4BF9-8C8A-0A3150B2F9E4} = {FEC9A280-D31E-4BF9-8C8A-0A3150B2F9E4}
	EndProjectSection
EndProject
Project("{8BC9CEB8-8B4A-11D0-8D11-00A0C91BC942}") = "XAFilmingJobDispatcher_UT", "XAFilmingJobDispatcher_UT\XAFilmingJobDispatcher_UT.vcxproj", "{5712D9E7-A210-4C90-977E-32060E1C6008}"
	ProjectSection(ProjectDependencies) = postProject
		{667FEC7E-6112-420B-B488-1A1A068A40FE} = {667FEC7E-6112-420B-B488-1A1A068A40FE}
	EndProjectSection
EndProject
Project("{8BC9CEB8-8B4A-11D0-8D11-00A0C91BC942}") = "XAFilmingJobCommand", "XAFilmingJobCommand\XAFilmingJobCommand.vcxproj", "{7B25A339-D78C-4AE7-88C6-12BCDD6F18F0}"
	ProjectSection(ProjectDependencies) = postProject
		{FEC9A280-D31E-4BF9-8C8A-0A3150B2F9E4} = {FEC9A280-D31E-4BF9-8C8A-0A3150B2F9E4}
	EndProjectSection
EndProject
Project("{8BC9CEB8-8B4A-11D0-8D11-00A0C91BC942}") = "XAFilmingJobCommand_UT", "XAFilmingJobCommand_UT\XAFilmingJobCommand_UT.vcxproj", "{367B1B87-4589-4B02-AF1B-93388F66929A}"
EndProject
Project("{8BC9CEB8-8B4A-11D0-8D11-00A0C91BC942}") = "XAFilmingInterface_UT", "XAFilmingInterface_UT\XAFilmingInterface_UT.vcxproj", "{7D891852-3B74-4B58-B450-CF8E505AE90D}"
EndProject
Project("{8BC9CEB8-8B4A-11D0-8D11-00A0C91BC942}") = "XAFilmingJobConsole", "XAFilmingJobConsole\XAFilmingJobConsole.vcxproj", "{061642E0-7D27-4DE0-BAC6-87692A92A73D}"
	ProjectSection(ProjectDependencies) = postProject
		{D08FCA2E-7E4A-4066-8F01-F282C09C5B99} = {D08FCA2E-7E4A-4066-8F01-F282C09C5B99}
		{667FEC7E-6112-420B-B488-1A1A068A40FE} = {667FEC7E-6112-420B-B488-1A1A068A40FE}
	EndProjectSection
EndProject
Project("{8BC9CEB8-8B4A-11D0-8D11-00A0C91BC942}") = "XAFilmingCommunicator", "XAFilmingCommunicator\XAFilmingCommunicator.vcxproj", "{32AF25BC-6611-4634-AE5F-FA19B8F3AB0B}"
	ProjectSection(ProjectDependencies) = postProject
		{FEC9A280-D31E-4BF9-8C8A-0A3150B2F9E4} = {FEC9A280-D31E-4BF9-8C8A-0A3150B2F9E4}
	EndProjectSection
EndProject
Project("{FAE04EC0-301F-11D3-BF4B-00C04F79EFBC}") = "Filming.ViewMock", "Filming.ViewMock\Filming.ViewMock.csproj", "{97B47257-C9B1-49E2-B067-3A2F78C8396D}"
EndProject
Project("{2150E333-8FDC-42A3-9474-1A3956D46DE8}") = "Mock", "Mock", "{411BF4C4-787C-42DC-B14A-1FB06D9E8425}"
EndProject
Project("{FAE04EC0-301F-11D3-BF4B-00C04F79EFBC}") = "Filming.ProjectTemplate", "Filming.ProjectTemplate\Filming.ProjectTemplate.csproj", "{9A64AA73-D0FC-41CE-8EF1-F1DD67B495C5}"
EndProject
Project("{FAE04EC0-301F-11D3-BF4B-00C04F79EFBC}") = "Filming.JobManagerSimulator", "Filming.JobManagerSimulator\Filming.JobManagerSimulator.csproj", "{AD536770-2392-47DC-A7D9-4BFEE6230A9E}"
EndProject
Project("{8BC9CEB8-8B4A-11D0-8D11-00A0C91BC942}") = "XAFilmingCommunicatorSimulator", "XAFilmingCommunicatorSimulator\XAFilmingCommunicatorSimulator.vcxproj", "{D1B50E0C-067E-4731-8ECC-FBD2E961D8F6}"
EndProject
Project("{2150E333-8FDC-42A3-9474-1A3956D46DE8}") = "Solution Items", "Solution Items", "{FEAB479D-A900-4037-9E9E-F557D6039D0E}"
	ProjectSection(SolutionItems) = preProject
		ReadMe.md = ReadMe.md
	EndProjectSection
EndProject
Project("{8BC9CEB8-8B4A-11D0-8D11-00A0C91BC942}") = "XAFilming", "XAFilming\XAFilming.vcxproj", "{C94D52F9-E910-4049-863C-7B0C765B95FE}"
EndProject
Global
	GlobalSection(TeamFoundationVersionControl) = preSolution
		SccNumberOfProjects = 31
		SccEnterpriseProvider = {4CA58AB2-18FA-4F8D-95D4-32DDF27D184C}
		SccTeamFoundationServer = http://tfs:8080/tfs/defaultcollection
		SccLocalPath0 = .
		SccProjectUniqueName1 = XAFilmingService\\XAFilmingService.vcxproj
		SccProjectName1 = XAFilmingService
		SccLocalPath1 = XAFilmingService
		SccProjectUniqueName2 = Filming.Proxy\\Filming.Proxy.csproj
		SccProjectName2 = Filming.Proxy
		SccLocalPath2 = Filming.Proxy
		SccProjectUniqueName3 = Filming.Interface\\Filming.Interface.csproj
		SccProjectName3 = Filming.Interface
		SccLocalPath3 = Filming.Interface
		SccProjectUniqueName4 = XAFilmingService_UT\\XAFilmingService_UT.vcxproj
		SccProjectTopLevelParentUniqueName4 = Filming.sln
		SccProjectName4 = XAFilmingService_UT
		SccLocalPath4 = XAFilmingService_UT
		SccProjectUniqueName5 = XAFilmingJobDispatchContainee\\XAFilmingJobDispatchContainee.vcxproj
		SccProjectName5 = XAFilmingJobDispatchContainee
		SccLocalPath5 = XAFilmingJobDispatchContainee
		SccProjectUniqueName6 = XAFilmingCommon\\XAFilmingCommon.vcxproj
		SccProjectName6 = XAFilmingCommon
		SccLocalPath6 = XAFilmingCommon
		SccProjectUniqueName7 = XAFilmingProjectTemplate\\XAFilmingProjectTemplate.vcxproj
		SccProjectTopLevelParentUniqueName7 = Filming.sln
		SccProjectName7 = XAFilmingProjectTemplate
		SccLocalPath7 = XAFilmingProjectTemplate
		SccProjectUniqueName8 = XAFilmingWrapper\\XAFilmingWrapper.vcxproj
		SccProjectName8 = XAFilmingWrapper
		SccLocalPath8 = XAFilmingWrapper
		SccProjectUniqueName9 = XAFilmingContaineeTemplate\\XAFilmingContaineeTemplate.vcxproj
		SccProjectTopLevelParentUniqueName9 = Filming.sln
		SccProjectName9 = XAFilmingContaineeTemplate
		SccLocalPath9 = XAFilmingContaineeTemplate
		SccProjectUniqueName10 = XAFilmingServiceContainee\\XAFilmingServiceContainee.vcxproj
		SccProjectName10 = XAFilmingServiceContainee
		SccLocalPath10 = XAFilmingServiceContainee
		SccProjectUniqueName11 = Filming.CommandSenderSimulator\\Filming.CommandSenderSimulator.csproj
		SccProjectTopLevelParentUniqueName11 = Filming.sln
		SccProjectName11 = Filming.CommandSenderSimulator
		SccLocalPath11 = Filming.CommandSenderSimulator
		SccProjectUniqueName12 = UTProjectTemplate\\UTProjectTemplate.vcxproj
		SccProjectTopLevelParentUniqueName12 = Filming.sln
		SccProjectName12 = UTProjectTemplate
		SccLocalPath12 = UTProjectTemplate
		SccProjectUniqueName13 = XAFilmingCommon_UT\\XAFilmingCommon_UT.vcxproj
		SccProjectTopLevelParentUniqueName13 = Filming.sln
		SccProjectName13 = XAFilmingCommon_UT
		SccLocalPath13 = XAFilmingCommon_UT
		SccProjectUniqueName14 = XAFilmingInterface\\XAFilmingInterface.vcxproj
		SccProjectName14 = XAFilmingInterface
		SccLocalPath14 = XAFilmingInterface
		SccProjectUniqueName15 = XAFilmingJobStatus\\XAFilmingJobStatus.vcxproj
		SccProjectName15 = XAFilmingJobStatus
		SccLocalPath15 = XAFilmingJobStatus
		SccProjectUniqueName16 = XAFilmingJobStatus_UT\\XAFilmingJobStatus_UT.vcxproj
		SccProjectTopLevelParentUniqueName16 = Filming.sln
		SccProjectName16 = XAFilmingJobStatus_UT
		SccLocalPath16 = XAFilmingJobStatus_UT
		SccProjectUniqueName17 = XAFilmingJob\\XAFilmingJob.vcxproj
		SccProjectName17 = XAFilmingJob
		SccLocalPath17 = XAFilmingJob
		SccProjectUniqueName18 = XAFilmingJob_UT\\XAFilmingJob_UT.vcxproj
		SccProjectTopLevelParentUniqueName18 = Filming.sln
		SccProjectName18 = XAFilmingJob_UT
		SccLocalPath18 = XAFilmingJob_UT
		SccProjectUniqueName19 = XAFilmingJobDispatcher\\XAFilmingJobDispatcher.vcxproj
		SccProjectName19 = XAFilmingJobDispatcher
		SccLocalPath19 = XAFilmingJobDispatcher
		SccProjectUniqueName20 = XAFilmingJobDispatcher_UT\\XAFilmingJobDispatcher_UT.vcxproj
		SccProjectTopLevelParentUniqueName20 = Filming.sln
		SccProjectName20 = XAFilmingJobDispatcher_UT
		SccLocalPath20 = XAFilmingJobDispatcher_UT
		SccProjectUniqueName21 = XAFilmingJobCommand\\XAFilmingJobCommand.vcxproj
		SccProjectName21 = XAFilmingJobCommand
		SccLocalPath21 = XAFilmingJobCommand
		SccProjectUniqueName22 = XAFilmingJobCommand_UT\\XAFilmingJobCommand_UT.vcxproj
		SccProjectTopLevelParentUniqueName22 = Filming.sln
		SccProjectName22 = XAFilmingJobCommand_UT
		SccLocalPath22 = XAFilmingJobCommand_UT
		SccProjectUniqueName23 = XAFilmingInterface_UT\\XAFilmingInterface_UT.vcxproj
		SccProjectTopLevelParentUniqueName23 = Filming.sln
		SccProjectName23 = XAFilmingInterface_UT
		SccLocalPath23 = XAFilmingInterface_UT
		SccProjectUniqueName24 = XAFilmingJobConsole\\XAFilmingJobConsole.vcxproj
		SccProjectTopLevelParentUniqueName24 = Filming.sln
		SccProjectName24 = XAFilmingJobConsole
		SccLocalPath24 = XAFilmingJobConsole
		SccProjectUniqueName25 = XAFilmingCommunicator\\XAFilmingCommunicator.vcxproj
		SccProjectName25 = XAFilmingCommunicator
		SccLocalPath25 = XAFilmingCommunicator
		SccProjectUniqueName26 = Filming.ViewMock\\Filming.ViewMock.csproj
		SccProjectTopLevelParentUniqueName26 = Filming.sln
		SccProjectName26 = Filming.ViewMock
		SccLocalPath26 = Filming.ViewMock
		SccProjectUniqueName27 = Filming.ProjectTemplate\\Filming.ProjectTemplate.csproj
		SccProjectTopLevelParentUniqueName27 = Filming.sln
		SccProjectName27 = Filming.ProjectTemplate
		SccLocalPath27 = Filming.ProjectTemplate
		SccProjectUniqueName28 = Filming.JobManagerSimulator\\Filming.JobManagerSimulator.csproj
		SccProjectTopLevelParentUniqueName28 = Filming.sln
		SccProjectName28 = Filming.JobManagerSimulator
		SccLocalPath28 = Filming.JobManagerSimulator
		SccProjectUniqueName29 = XAFilmingCommunicatorSimulator\\XAFilmingCommunicatorSimulator.vcxproj
		SccProjectTopLevelParentUniqueName29 = Filming.sln
		SccProjectName29 = XAFilmingCommunicatorSimulator
		SccLocalPath29 = XAFilmingCommunicatorSimulator
		SccProjectUniqueName30 = XAFilming\\XAFilming.vcxproj
		SccProjectName30 = XAFilming
		SccLocalPath30 = XAFilming
	EndGlobalSection
	GlobalSection(SolutionConfigurationPlatforms) = preSolution
		Debug|x64 = Debug|x64
		Release|x64 = Release|x64
	EndGlobalSection
	GlobalSection(ProjectConfigurationPlatforms) = postSolution
		{36476964-0868-44FA-B74E-27989D4B5331}.Debug|x64.ActiveCfg = Debug|x64
		{36476964-0868-44FA-B74E-27989D4B5331}.Debug|x64.Build.0 = Debug|x64
		{36476964-0868-44FA-B74E-27989D4B5331}.Release|x64.ActiveCfg = Release|x64
		{36476964-0868-44FA-B74E-27989D4B5331}.Release|x64.Build.0 = Release|x64
		{3F54636A-AFFE-4726-98B4-7A9236BF5B98}.Debug|x64.ActiveCfg = Debug|Any CPU
		{3F54636A-AFFE-4726-98B4-7A9236BF5B98}.Debug|x64.Build.0 = Debug|Any CPU
		{3F54636A-AFFE-4726-98B4-7A9236BF5B98}.Release|x64.ActiveCfg = Release|Any CPU
		{3F54636A-AFFE-4726-98B4-7A9236BF5B98}.Release|x64.Build.0 = Release|Any CPU
		{56934071-E7D5-4208-BBDA-83A9B03A76FD}.Debug|x64.ActiveCfg = Debug|Any CPU
		{56934071-E7D5-4208-BBDA-83A9B03A76FD}.Debug|x64.Build.0 = Debug|Any CPU
		{56934071-E7D5-4208-BBDA-83A9B03A76FD}.Release|x64.ActiveCfg = Release|Any CPU
		{56934071-E7D5-4208-BBDA-83A9B03A76FD}.Release|x64.Build.0 = Release|Any CPU
		{17404E18-404D-4E62-B4DC-00B6982F4041}.Debug|x64.ActiveCfg = Debug|x64
		{17404E18-404D-4E62-B4DC-00B6982F4041}.Debug|x64.Build.0 = Debug|x64
		{17404E18-404D-4E62-B4DC-00B6982F4041}.Release|x64.ActiveCfg = Release|x64
		{17404E18-404D-4E62-B4DC-00B6982F4041}.Release|x64.Build.0 = Release|x64
		{32990BD2-0916-454A-BF86-C9D5A936E908}.Debug|x64.ActiveCfg = Debug|x64
		{32990BD2-0916-454A-BF86-C9D5A936E908}.Debug|x64.Build.0 = Debug|x64
		{32990BD2-0916-454A-BF86-C9D5A936E908}.Release|x64.ActiveCfg = Release|x64
		{32990BD2-0916-454A-BF86-C9D5A936E908}.Release|x64.Build.0 = Release|x64
		{DB4C8DFB-1369-4600-9720-A7F05FBBF877}.Debug|x64.ActiveCfg = Debug|x64
		{DB4C8DFB-1369-4600-9720-A7F05FBBF877}.Debug|x64.Build.0 = Debug|x64
		{DB4C8DFB-1369-4600-9720-A7F05FBBF877}.Release|x64.ActiveCfg = Release|x64
		{DB4C8DFB-1369-4600-9720-A7F05FBBF877}.Release|x64.Build.0 = Release|x64
		{AA20A8BC-AFC4-4A4F-A0C6-60FF7C74327D}.Debug|x64.ActiveCfg = Debug|x64
		{AA20A8BC-AFC4-4A4F-A0C6-60FF7C74327D}.Debug|x64.Build.0 = Debug|x64
		{AA20A8BC-AFC4-4A4F-A0C6-60FF7C74327D}.Release|x64.ActiveCfg = Release|x64
		{AA20A8BC-AFC4-4A4F-A0C6-60FF7C74327D}.Release|x64.Build.0 = Release|x64
		{240E72CF-3DB4-486B-9BB5-317C7FCC1D1E}.Debug|x64.ActiveCfg = Debug|x64
		{240E72CF-3DB4-486B-9BB5-317C7FCC1D1E}.Debug|x64.Build.0 = Debug|x64
		{240E72CF-3DB4-486B-9BB5-317C7FCC1D1E}.Release|x64.ActiveCfg = Release|x64
		{240E72CF-3DB4-486B-9BB5-317C7FCC1D1E}.Release|x64.Build.0 = Release|x64
		{1DAC3D69-A462-45D5-818B-E3175F401C6F}.Debug|x64.ActiveCfg = Debug|x64
		{1DAC3D69-A462-45D5-818B-E3175F401C6F}.Debug|x64.Build.0 = Debug|x64
		{1DAC3D69-A462-45D5-818B-E3175F401C6F}.Release|x64.ActiveCfg = Release|x64
		{1DAC3D69-A462-45D5-818B-E3175F401C6F}.Release|x64.Build.0 = Release|x64
		{0051C742-2658-4EAB-9134-AA065AA84963}.Debug|x64.ActiveCfg = Debug|x64
		{0051C742-2658-4EAB-9134-AA065AA84963}.Debug|x64.Build.0 = Debug|x64
		{0051C742-2658-4EAB-9134-AA065AA84963}.Release|x64.ActiveCfg = Release|x64
		{0051C742-2658-4EAB-9134-AA065AA84963}.Release|x64.Build.0 = Release|x64
		{D0513F12-CA67-4024-9874-123A44B59A6C}.Debug|x64.ActiveCfg = Debug|Any CPU
		{D0513F12-CA67-4024-9874-123A44B59A6C}.Debug|x64.Build.0 = Debug|Any CPU
		{D0513F12-CA67-4024-9874-123A44B59A6C}.Release|x64.ActiveCfg = Release|Any CPU
		{D0513F12-CA67-4024-9874-123A44B59A6C}.Release|x64.Build.0 = Release|Any CPU
		{ACE2A218-4220-4774-912F-0C43FB6A6B49}.Debug|x64.ActiveCfg = Debug|x64
		{ACE2A218-4220-4774-912F-0C43FB6A6B49}.Debug|x64.Build.0 = Debug|x64
		{ACE2A218-4220-4774-912F-0C43FB6A6B49}.Release|x64.ActiveCfg = Release|x64
		{ACE2A218-4220-4774-912F-0C43FB6A6B49}.Release|x64.Build.0 = Release|x64
		{002D929B-A8EE-46FF-8679-46BAE5286BD3}.Debug|x64.ActiveCfg = Debug|x64
		{002D929B-A8EE-46FF-8679-46BAE5286BD3}.Debug|x64.Build.0 = Debug|x64
		{002D929B-A8EE-46FF-8679-46BAE5286BD3}.Release|x64.ActiveCfg = Release|x64
		{002D929B-A8EE-46FF-8679-46BAE5286BD3}.Release|x64.Build.0 = Release|x64
		{FEC9A280-D31E-4BF9-8C8A-0A3150B2F9E4}.Debug|x64.ActiveCfg = Debug|x64
		{FEC9A280-D31E-4BF9-8C8A-0A3150B2F9E4}.Debug|x64.Build.0 = Debug|x64
		{FEC9A280-D31E-4BF9-8C8A-0A3150B2F9E4}.Release|x64.ActiveCfg = Release|x64
		{FEC9A280-D31E-4BF9-8C8A-0A3150B2F9E4}.Release|x64.Build.0 = Release|x64
		{07493DE2-DB22-4766-8D5F-AF93B8916BCF}.Debug|x64.ActiveCfg = Debug|x64
		{07493DE2-DB22-4766-8D5F-AF93B8916BCF}.Debug|x64.Build.0 = Debug|x64
		{07493DE2-DB22-4766-8D5F-AF93B8916BCF}.Release|x64.ActiveCfg = Release|x64
		{07493DE2-DB22-4766-8D5F-AF93B8916BCF}.Release|x64.Build.0 = Release|x64
		{A1E6AAB8-DF85-41EE-ACB5-CFED9339BC72}.Debug|x64.ActiveCfg = Debug|x64
		{A1E6AAB8-DF85-41EE-ACB5-CFED9339BC72}.Debug|x64.Build.0 = Debug|x64
		{A1E6AAB8-DF85-41EE-ACB5-CFED9339BC72}.Release|x64.ActiveCfg = Release|x64
		{A1E6AAB8-DF85-41EE-ACB5-CFED9339BC72}.Release|x64.Build.0 = Release|x64
		{D08FCA2E-7E4A-4066-8F01-F282C09C5B99}.Debug|x64.ActiveCfg = Debug|x64
		{D08FCA2E-7E4A-4066-8F01-F282C09C5B99}.Debug|x64.Build.0 = Debug|x64
		{D08FCA2E-7E4A-4066-8F01-F282C09C5B99}.Release|x64.ActiveCfg = Release|x64
		{D08FCA2E-7E4A-4066-8F01-F282C09C5B99}.Release|x64.Build.0 = Release|x64
		{D5F3D072-A2DD-4088-B2FF-8A1A8240F095}.Debug|x64.ActiveCfg = Debug|x64
		{D5F3D072-A2DD-4088-B2FF-8A1A8240F095}.Debug|x64.Build.0 = Debug|x64
		{D5F3D072-A2DD-4088-B2FF-8A1A8240F095}.Release|x64.ActiveCfg = Release|x64
		{D5F3D072-A2DD-4088-B2FF-8A1A8240F095}.Release|x64.Build.0 = Release|x64
		{667FEC7E-6112-420B-B488-1A1A068A40FE}.Debug|x64.ActiveCfg = Debug|x64
		{667FEC7E-6112-420B-B488-1A1A068A40FE}.Debug|x64.Build.0 = Debug|x64
		{667FEC7E-6112-420B-B488-1A1A068A40FE}.Release|x64.ActiveCfg = Release|x64
		{667FEC7E-6112-420B-B488-1A1A068A40FE}.Release|x64.Build.0 = Release|x64
		{5712D9E7-A210-4C90-977E-32060E1C6008}.Debug|x64.ActiveCfg = Debug|x64
		{5712D9E7-A210-4C90-977E-32060E1C6008}.Debug|x64.Build.0 = Debug|x64
		{5712D9E7-A210-4C90-977E-32060E1C6008}.Release|x64.ActiveCfg = Release|x64
		{5712D9E7-A210-4C90-977E-32060E1C6008}.Release|x64.Build.0 = Release|x64
		{7B25A339-D78C-4AE7-88C6-12BCDD6F18F0}.Debug|x64.ActiveCfg = Debug|x64
		{7B25A339-D78C-4AE7-88C6-12BCDD6F18F0}.Debug|x64.Build.0 = Debug|x64
		{7B25A339-D78C-4AE7-88C6-12BCDD6F18F0}.Release|x64.ActiveCfg = Release|x64
		{7B25A339-D78C-4AE7-88C6-12BCDD6F18F0}.Release|x64.Build.0 = Release|x64
		{367B1B87-4589-4B02-AF1B-93388F66929A}.Debug|x64.ActiveCfg = Debug|x64
		{367B1B87-4589-4B02-AF1B-93388F66929A}.Debug|x64.Build.0 = Debug|x64
		{367B1B87-4589-4B02-AF1B-93388F66929A}.Release|x64.ActiveCfg = Release|x64
		{367B1B87-4589-4B02-AF1B-93388F66929A}.Release|x64.Build.0 = Release|x64
		{7D891852-3B74-4B58-B450-CF8E505AE90D}.Debug|x64.ActiveCfg = Debug|x64
		{7D891852-3B74-4B58-B450-CF8E505AE90D}.Debug|x64.Build.0 = Debug|x64
		{7D891852-3B74-4B58-B450-CF8E505AE90D}.Release|x64.ActiveCfg = Release|x64
		{7D891852-3B74-4B58-B450-CF8E505AE90D}.Release|x64.Build.0 = Release|x64
		{061642E0-7D27-4DE0-BAC6-87692A92A73D}.Debug|x64.ActiveCfg = Debug|x64
		{061642E0-7D27-4DE0-BAC6-87692A92A73D}.Debug|x64.Build.0 = Debug|x64
		{061642E0-7D27-4DE0-BAC6-87692A92A73D}.Release|x64.ActiveCfg = Release|x64
		{061642E0-7D27-4DE0-BAC6-87692A92A73D}.Release|x64.Build.0 = Release|x64
		{32AF25BC-6611-4634-AE5F-FA19B8F3AB0B}.Debug|x64.ActiveCfg = Debug|x64
		{32AF25BC-6611-4634-AE5F-FA19B8F3AB0B}.Debug|x64.Build.0 = Debug|x64
		{32AF25BC-6611-4634-AE5F-FA19B8F3AB0B}.Release|x64.ActiveCfg = Release|x64
		{32AF25BC-6611-4634-AE5F-FA19B8F3AB0B}.Release|x64.Build.0 = Release|x64
		{97B47257-C9B1-49E2-B067-3A2F78C8396D}.Debug|x64.ActiveCfg = Debug|Any CPU
		{97B47257-C9B1-49E2-B067-3A2F78C8396D}.Debug|x64.Build.0 = Debug|Any CPU
		{97B47257-C9B1-49E2-B067-3A2F78C8396D}.Release|x64.ActiveCfg = Release|Any CPU
		{97B47257-C9B1-49E2-B067-3A2F78C8396D}.Release|x64.Build.0 = Release|Any CPU
		{9A64AA73-D0FC-41CE-8EF1-F1DD67B495C5}.Debug|x64.ActiveCfg = Debug|Any CPU
		{9A64AA73-D0FC-41CE-8EF1-F1DD67B495C5}.Debug|x64.Build.0 = Debug|Any CPU
		{9A64AA73-D0FC-41CE-8EF1-F1DD67B495C5}.Release|x64.ActiveCfg = Release|Any CPU
		{9A64AA73-D0FC-41CE-8EF1-F1DD67B495C5}.Release|x64.Build.0 = Release|Any CPU
		{AD536770-2392-47DC-A7D9-4BFEE6230A9E}.Debug|x64.ActiveCfg = Debug|Any CPU
		{AD536770-2392-47DC-A7D9-4BFEE6230A9E}.Debug|x64.Build.0 = Debug|Any CPU
		{AD536770-2392-47DC-A7D9-4BFEE6230A9E}.Release|x64.ActiveCfg = Release|Any CPU
		{AD536770-2392-47DC-A7D9-4BFEE6230A9E}.Release|x64.Build.0 = Release|Any CPU
		{D1B50E0C-067E-4731-8ECC-FBD2E961D8F6}.Debug|x64.ActiveCfg = Debug|x64
		{D1B50E0C-067E-4731-8ECC-FBD2E961D8F6}.Debug|x64.Build.0 = Debug|x64
		{D1B50E0C-067E-4731-8ECC-FBD2E961D8F6}.Release|x64.ActiveCfg = Release|x64
		{D1B50E0C-067E-4731-8ECC-FBD2E961D8F6}.Release|x64.Build.0 = Release|x64
		{C94D52F9-E910-4049-863C-7B0C765B95FE}.Debug|x64.ActiveCfg = Debug|x64
		{C94D52F9-E910-4049-863C-7B0C765B95FE}.Debug|x64.Build.0 = Debug|x64
		{C94D52F9-E910-4049-863C-7B0C765B95FE}.Release|x64.ActiveCfg = Release|x64
		{C94D52F9-E910-4049-863C-7B0C765B95FE}.Release|x64.Build.0 = Release|x64
	EndGlobalSection
	GlobalSection(SolutionProperties) = preSolution
		HideSolutionNode = FALSE
	EndGlobalSection
	GlobalSection(NestedProjects) = preSolution
		{17404E18-404D-4E62-B4DC-00B6982F4041} = {BD2AAD13-062A-4B66-8966-553136454573}
		{002D929B-A8EE-46FF-8679-46BAE5286BD3} = {BD2AAD13-062A-4B66-8966-553136454573}
		{A1E6AAB8-DF85-41EE-ACB5-CFED9339BC72} = {BD2AAD13-062A-4B66-8966-553136454573}
		{D5F3D072-A2DD-4088-B2FF-8A1A8240F095} = {BD2AAD13-062A-4B66-8966-553136454573}
		{5712D9E7-A210-4C90-977E-32060E1C6008} = {BD2AAD13-062A-4B66-8966-553136454573}
		{367B1B87-4589-4B02-AF1B-93388F66929A} = {BD2AAD13-062A-4B66-8966-553136454573}
		{7D891852-3B74-4B58-B450-CF8E505AE90D} = {BD2AAD13-062A-4B66-8966-553136454573}
		{D0513F12-CA67-4024-9874-123A44B59A6C} = {BE0130F4-BFC6-4C27-B54A-7937580D6048}
		{061642E0-7D27-4DE0-BAC6-87692A92A73D} = {BE0130F4-BFC6-4C27-B54A-7937580D6048}
		{411BF4C4-787C-42DC-B14A-1FB06D9E8425} = {BE0130F4-BFC6-4C27-B54A-7937580D6048}
		{AD536770-2392-47DC-A7D9-4BFEE6230A9E} = {BE0130F4-BFC6-4C27-B54A-7937580D6048}
		{D1B50E0C-067E-4731-8ECC-FBD2E961D8F6} = {BE0130F4-BFC6-4C27-B54A-7937580D6048}
		{AA20A8BC-AFC4-4A4F-A0C6-60FF7C74327D} = {881A0057-0614-4C43-9C6E-59809B2B356A}
		{1DAC3D69-A462-45D5-818B-E3175F401C6F} = {881A0057-0614-4C43-9C6E-59809B2B356A}
		{ACE2A218-4220-4774-912F-0C43FB6A6B49} = {881A0057-0614-4C43-9C6E-59809B2B356A}
		{9A64AA73-D0FC-41CE-8EF1-F1DD67B495C5} = {881A0057-0614-4C43-9C6E-59809B2B356A}
		{97B47257-C9B1-49E2-B067-3A2F78C8396D} = {411BF4C4-787C-42DC-B14A-1FB06D9E8425}
	EndGlobalSection
EndGlobal
